dependencies:
- name: common
  repository: https://charts.bitnami.com/bitnami/
  version: 1.16.1
- name: mongodb
  repository: https://charts.bitnami.com/bitnami/
  version: 13.1.7
digest: sha256:4eef21b352f39d6bd36705193cb1b1509839fd40394c534613888fc965cfb303
generated: "2022-10-16T04:20:35.93498911Z"
