dependencies:
- name: mariadb
  repository: https://charts.bitnami.com/bitnami/
  version: 9.3.9
- name: postgresql
  repository: https://charts.bitnami.com/bitnami/
  version: 10.4.0
digest: sha256:aa345ba7f1a045be729938686ba10f6434d98760f44246b601c444d36b691547
generated: "2021-05-02T09:07:01.811003647+02:00"
