dependencies:
- name: common
  repository: https://charts.bitnami.com/bitnami/
  version: 1.16.1
- name: mariadb
  repository: https://charts.bitnami.com/bitnami/
  version: 11.3.3
- name: postgresql
  repository: https://charts.bitnami.com/bitnami/
  version: 10.16.2
digest: sha256:d96003a3037b152343e289de7147c6126aa8b73b5bea335346903aba217a7b0a
generated: "2022-10-23T01:31:05.065563579Z"
