dependencies:
- name: common
  repository: https://charts.bitnami.com/bitnami/
  version: 1.16.1
- name: mariadb
  repository: https://charts.bitnami.com/bitnami/
  version: 11.4.4
digest: sha256:5bfdef21d4d3fb19daf26c380bf9e60189a97bf57f233b02636ac82b7742edb8
generated: "2023-01-22T01:03:52.11113748Z"
