dependencies:
- name: common
  repository: https://charts.bitnami.com/bitnami/
  version: 1.16.1
- name: mariadb
  repository: https://charts.bitnami.com/bitnami/
  version: 11.3.4
digest: sha256:20dd825a8ffd108575bfeef9cafb2bcb16def3f5cf2139cde1bff93e06922677
generated: "2022-11-06T01:15:25.886946269Z"
