dependencies:
- name: common
  repository: https://charts.bitnami.com/bitnami/
  version: 1.16.1
- name: mariadb
  repository: https://charts.bitnami.com/bitnami/
  version: 11.3.3
digest: sha256:909cf7c94cbbefef4b1b4cf6e6e48ab22520b0e2229f6ca060836424dc6c339c
generated: "2022-10-23T01:31:32.94309712Z"
