dependencies:
- name: common
  repository: https://charts.bitnami.com/bitnami/
  version: 1.17.1
- name: mariadb
  repository: https://charts.bitnami.com/bitnami/
  version: 11.5.4
digest: sha256:ce34a1e70d299fb920ebc087dd065ef6962874784c4f96fb97d85e0ee3444522
generated: "2023-03-19T02:46:04.425553998Z"
